
Microsoft Visual Studio Solution File, Format Version 12.00
# Visual Studio Version 17
VisualStudioVersion = 17.13.35806.99
MinimumVisualStudioVersion = 10.0.40219.1
Project("{FAE04EC0-301F-11D3-BF4B-00C04F79EFBC}") = "SurveyBasket", "SurveyBasket.Api\SurveyBasket.csproj", "{C17DB414-76B8-49EC-A7B9-28E0C76DC209}"
EndProject
Global
	GlobalSection(SolutionConfigurationPlatforms) = preSolution
		Debug|Any CPU = Debug|Any CPU
		Release|Any CPU = Release|Any CPU
	EndGlobalSection
	GlobalSection(ProjectConfigurationPlatforms) = postSolution
		{C17DB414-76B8-49EC-A7B9-28E0C76DC209}.Debug|Any CPU.ActiveCfg = Debug|Any CPU
		{C17DB414-76B8-49EC-A7B9-28E0C76DC209}.Debug|Any CPU.Build.0 = Debug|Any CPU
		{C17DB414-76B8-49EC-A7B9-28E0C76DC209}.Release|Any CPU.ActiveCfg = Release|Any CPU
		{C17DB414-76B8-49EC-A7B9-28E0C76DC209}.Release|Any CPU.Build.0 = Release|Any CPU
	EndGlobalSection
	GlobalSection(SolutionProperties) = preSolution
		HideSolutionNode = FALSE
	EndGlobalSection
	GlobalSection(ExtensibilityGlobals) = postSolution
		SolutionGuid = {9ADC021A-988D-4322-A844-7804D8F456E7}
	EndGlobalSection
EndGlobal
